// !$*UTF8*$!
{
	archiveVersion = 1;
	classes = {
	};
	objectVersion = 46;
	objects = {

/* Begin PBXBuildFile section */
		275143A42D4FEBEB007EF831 /* AppDelegate.m in Sources */ = {isa = PBXBuildFile; fileRef = 275143A32D4FEBEB007EF831 /* AppDelegate.m */; };
		275143A72D4FEBEB007EF831 /* main.m in Sources */ = {isa = PBXBuildFile; fileRef = 275143A62D4FEBEB007EF831 /* main.m */; };
		275143AA2D4FEBEB007EF831 /* ViewController.m in Sources */ = {isa = PBXBuildFile; fileRef = 275143A92D4FEBEB007EF831 /* ViewController.m */; };
		275143AC2D4FEBEB007EF831 /* Assets.xcassets in Resources */ = {isa = PBXBuildFile; fileRef = 275143AB2D4FEBEB007EF831 /* Assets.xcassets */; };
		275143AF2D4FEBEB007EF831 /* Main.storyboard in Resources */ = {isa = PBXBuildFile; fileRef = 275143AD2D4FEBEB007EF831 /* Main.storyboard */; };
/* End PBXBuildFile section */

/* Begin PBXFileReference section */
		2751439F2D4FEBEB007EF831 /* Test.app */ = {isa = PBXFileReference; explicitFileType = wrapper.application; includeInIndex = 0; path = Test.app; sourceTree = BUILT_PRODUCTS_DIR; };
		275143A22D4FEBEB007EF831 /* AppDelegate.h */ = {isa = PBXFileReference; lastKnownFileType = sourcecode.c.h; path = AppDelegate.h; sourceTree = "<group>"; };
		275143A32D4FEBEB007EF831 /* AppDelegate.m */ = {isa = PBXFileReference; lastKnownFileType = sourcecode.c.objc; path = AppDelegate.m; sourceTree = "<group>"; };
		275143A62D4FEBEB007EF831 /* main.m */ = {isa = PBXFileReference; lastKnownFileType = sourcecode.c.objc; path = main.m; sourceTree = "<group>"; };
		275143A82D4FEBEB007EF831 /* ViewController.h */ = {isa = PBXFileReference; lastKnownFileType = sourcecode.c.h; path = ViewController.h; sourceTree = "<group>"; };
		275143A92D4FEBEB007EF831 /* ViewController.m */ = {isa = PBXFileReference; lastKnownFileType = sourcecode.c.objc; path = ViewController.m; sourceTree = "<group>"; };
		275143AB2D4FEBEB007EF831 /* Assets.xcassets */ = {isa = PBXFileReference; lastKnownFileType = folder.assetcatalog; path = Assets.xcassets; sourceTree = "<group>"; };
		275143AE2D4FEBEB007EF831 /* Base */ = {isa = PBXFileReference; lastKnownFileType = file.storyboard; name = Base; path = Base.lproj/Main.storyboard; sourceTree = "<group>"; };
		275143B02D4FEBEB007EF831 /* Info.plist */ = {isa = PBXFileReference; lastKnownFileType = text.plist.xml; path = Info.plist; sourceTree = "<group>"; };
		275CACD22D506CB200A21AA1 /* Test.entitlements */ = {isa = PBXFileReference; lastKnownFileType = text.xml; path = Test.entitlements; sourceTree = "<group>"; };
/* End PBXFileReference section */

/* Begin PBXFrameworksBuildPhase section */
		2751439C2D4FEBEB007EF831 /* Frameworks */ = {
			isa = PBXFrameworksBuildPhase;
			buildActionMask = 2147483647;
			files = (
			);
			runOnlyForDeploymentPostprocessing = 0;
		};
/* End PBXFrameworksBuildPhase section */

/* Begin PBXGroup section */
		275143962D4FEBEB007EF831 = {
			isa = PBXGroup;
			children = (
				275143A12D4FEBEB007EF831 /* Test */,
				275143A02D4FEBEB007EF831 /* Products */,
			);
			sourceTree = "<group>";
		};
		275143A02D4FEBEB007EF831 /* Products */ = {
			isa = PBXGroup;
			children = (
				2751439F2D4FEBEB007EF831 /* Test.app */,
			);
			name = Products;
			sourceTree = "<group>";
		};
		275143A12D4FEBEB007EF831 /* Test */ = {
			isa = PBXGroup;
			children = (
				275CACD22D506CB200A21AA1 /* Test.entitlements */,
				275143A22D4FEBEB007EF831 /* AppDelegate.h */,
				275143A32D4FEBEB007EF831 /* AppDelegate.m */,
				275143A82D4FEBEB007EF831 /* ViewController.h */,
				275143A92D4FEBEB007EF831 /* ViewController.m */,
				275143AB2D4FEBEB007EF831 /* Assets.xcassets */,
				275143AD2D4FEBEB007EF831 /* Main.storyboard */,
				275143B02D4FEBEB007EF831 /* Info.plist */,
				275143A52D4FEBEB007EF831 /* Supporting Files */,
			);
			path = Test;
			sourceTree = "<group>";
		};
		275143A52D4FEBEB007EF831 /* Supporting Files */ = {
			isa = PBXGroup;
			children = (
				275143A62D4FEBEB007EF831 /* main.m */,
			);
			name = "Supporting Files";
			sourceTree = "<group>";
		};
/* End PBXGroup section */

/* Begin PBXNativeTarget section */
		2751439E2D4FEBEB007EF831 /* Test */ = {
			isa = PBXNativeTarget;
			buildConfigurationList = 275143B32D4FEBEB007EF831 /* Build configuration list for PBXNativeTarget "Test" */;
			buildPhases = (
				2751439B2D4FEBEB007EF831 /* Sources */,
				2751439C2D4FEBEB007EF831 /* Frameworks */,
				2751439D2D4FEBEB007EF831 /* Resources */,
			);
			buildRules = (
			);
			dependencies = (
			);
			name = Test;
			productName = Test;
			productReference = 2751439F2D4FEBEB007EF831 /* Test.app */;
			productType = "com.apple.product-type.application";
		};
/* End PBXNativeTarget section */

/* Begin PBXProject section */
		275143972D4FEBEB007EF831 /* Project object */ = {
			isa = PBXProject;
			attributes = {
				LastUpgradeCheck = 0720;
				ORGANIZATIONNAME = "Jean-Denis Boivin";
				TargetAttributes = {
					2751439E2D4FEBEB007EF831 = {
						CreatedOnToolsVersion = 7.2.1;
						SystemCapabilities = {
							com.apple.Sandbox = {
								enabled = 1;
							};
						};
					};
				};
			};
			buildConfigurationList = 2751439A2D4FEBEB007EF831 /* Build configuration list for PBXProject "Test" */;
			compatibilityVersion = "Xcode 3.2";
			developmentRegion = English;
			hasScannedForEncodings = 0;
			knownRegions = (
				en,
				Base,
			);
			mainGroup = 275143962D4FEBEB007EF831;
			productRefGroup = 275143A02D4FEBEB007EF831 /* Products */;
			projectDirPath = "";
			projectRoot = "";
			targets = (
				2751439E2D4FEBEB007EF831 /* Test */,
			);
		};
/* End PBXProject section */

/* Begin PBXResourcesBuildPhase section */
		2751439D2D4FEBEB007EF831 /* Resources */ = {
			isa = PBXResourcesBuildPhase;
			buildActionMask = 2147483647;
			files = (
				275143AC2D4FEBEB007EF831 /* Assets.xcassets in Resources */,
				275143AF2D4FEBEB007EF831 /* Main.storyboard in Resources */,
			);
			runOnlyForDeploymentPostprocessing = 0;
		};
/* End PBXResourcesBuildPhase section */

/* Begin PBXSourcesBuildPhase section */
		2751439B2D4FEBEB007EF831 /* Sources */ = {
			isa = PBXSourcesBuildPhase;
			buildActionMask = 2147483647;
			files = (
				275143AA2D4FEBEB007EF831 /* ViewController.m in Sources */,
				275143A72D4FEBEB007EF831 /* main.m in Sources */,
				275143A42D4FEBEB007EF831 /* AppDelegate.m in Sources */,
			);
			runOnlyForDeploymentPostprocessing = 0;
		};
/* End PBXSourcesBuildPhase section */

/* Begin PBXVariantGroup section */
		275143AD2D4FEBEB007EF831 /* Main.storyboard */ = {
			isa = PBXVariantGroup;
			children = (
				275143AE2D4FEBEB007EF831 /* Base */,
			);
			name = Main.storyboard;
			sourceTree = "<group>";
		};
/* End PBXVariantGroup section */

/* Begin XCBuildConfiguration section */
		275143B12D4FEBEB007EF831 /* Debug */ = {
			isa = XCBuildConfiguration;
			buildSettings = {
				ALWAYS_SEARCH_USER_PATHS = NO;
				CLANG_CXX_LANGUAGE_STANDARD = "gnu++0x";
				CLANG_CXX_LIBRARY = "libc++";
				CLANG_ENABLE_MODULES = YES;
				CLANG_ENABLE_OBJC_ARC = YES;
				CLANG_WARN_BOOL_CONVERSION = YES;
				CLANG_WARN_CONSTANT_CONVERSION = YES;
				CLANG_WARN_DIRECT_OBJC_ISA_USAGE = YES_ERROR;
				CLANG_WARN_EMPTY_BODY = YES;
				CLANG_WARN_ENUM_CONVERSION = YES;
				CLANG_WARN_INT_CONVERSION = YES;
				CLANG_WARN_OBJC_ROOT_CLASS = YES_ERROR;
				CLANG_WARN_UNREACHABLE_CODE = YES;
				CLANG_WARN__DUPLICATE_METHOD_MATCH = YES;
				CODE_SIGN_IDENTITY = "-";
				COPY_PHASE_STRIP = NO;
				DEBUG_INFORMATION_FORMAT = dwarf;
				ENABLE_STRICT_OBJC_MSGSEND = YES;
				ENABLE_TESTABILITY = YES;
				GCC_C_LANGUAGE_STANDARD = gnu99;
				GCC_DYNAMIC_NO_PIC = NO;
				GCC_NO_COMMON_BLOCKS = YES;
				GCC_OPTIMIZATION_LEVEL = 0;
				GCC_PREPROCESSOR_DEFINITIONS = (
					"DEBUG=1",
					"$(inherited)",
				);
				GCC_WARN_64_TO_32_BIT_CONVERSION = YES;
				GCC_WARN_ABOUT_RETURN_TYPE = YES_ERROR;
				GCC_WARN_UNDECLARED_SELECTOR = YES;
				GCC_WARN_UNINITIALIZED_AUTOS = YES_AGGRESSIVE;
				GCC_WARN_UNUSED_FUNCTION = YES;
				GCC_WARN_UNUSED_VARIABLE = YES;
				MACOSX_DEPLOYMENT_TARGET = 10.13;
				MTL_ENABLE_DEBUG_INFO = YES;
				ONLY_ACTIVE_ARCH = YES;
				SDKROOT = macosx;
			};
			name = Debug;
		};
		275143B22D4FEBEB007EF831 /* Release */ = {
			isa = XCBuildConfiguration;
			buildSettings = {
				ALWAYS_SEARCH_USER_PATHS = NO;
				CLANG_CXX_LANGUAGE_STANDARD = "gnu++0x";
				CLANG_CXX_LIBRARY = "libc++";
				CLANG_ENABLE_MODULES = YES;
				CLANG_ENABLE_OBJC_ARC = YES;
				CLANG_WARN_BOOL_CONVERSION = YES;
				CLANG_WARN_CONSTANT_CONVERSION = YES;
				CLANG_WARN_DIRECT_OBJC_ISA_USAGE = YES_ERROR;
				CLANG_WARN_EMPTY_BODY = YES;
				CLANG_WARN_ENUM_CONVERSION = YES;
				CLANG_WARN_INT_CONVERSION = YES;
				CLANG_WARN_OBJC_ROOT_CLASS = YES_ERROR;
				CLANG_WARN_UNREACHABLE_CODE = YES;
				CLANG_WARN__DUPLICATE_METHOD_MATCH = YES;
				CODE_SIGN_IDENTITY = "-";
				COPY_PHASE_STRIP = NO;
				DEBUG_INFORMATION_FORMAT = "dwarf-with-dsym";
				ENABLE_NS_ASSERTIONS = NO;
				ENABLE_STRICT_OBJC_MSGSEND = YES;
				GCC_C_LANGUAGE_STANDARD = gnu99;
				GCC_NO_COMMON_BLOCKS = YES;
				GCC_WARN_64_TO_32_BIT_CONVERSION = YES;
				GCC_WARN_ABOUT_RETURN_TYPE = YES_ERROR;
				GCC_WARN_UNDECLARED_SELECTOR = YES;
				GCC_WARN_UNINITIALIZED_AUTOS = YES_AGGRESSIVE;
				GCC_WARN_UNUSED_FUNCTION = YES;
				GCC_WARN_UNUSED_VARIABLE = YES;
				MACOSX_DEPLOYMENT_TARGET = 10.13;
				MTL_ENABLE_DEBUG_INFO = NO;
				SDKROOT = macosx;
			};
			name = Release;
		};
		275143B42D4FEBEB007EF831 /* Debug */ = {
			isa = XCBuildConfiguration;
			buildSettings = {
				ASSETCATALOG_COMPILER_APPICON_NAME = AppIcon;
				CODE_SIGN_ENTITLEMENTS = Test/Test.entitlements;
				COMBINE_HIDPI_IMAGES = YES;
				INFOPLIST_FILE = Test/Info.plist;
				ENABLE_HARDENED_RUNTIME = YES;
				LD_RUNPATH_SEARCH_PATHS = "$(inherited) @executable_path/../Frameworks";
				PRODUCT_BUNDLE_IDENTIFIER = jd.boiv.in.Test;
				PRODUCT_NAME = "$(TARGET_NAME)";
			};
			name = Debug;
		};
		275143B52D4FEBEB007EF831 /* Release */ = {
			isa = XCBuildConfiguration;
			buildSettings = {
				ASSETCATALOG_COMPILER_APPICON_NAME = AppIcon;
				CODE_SIGN_ENTITLEMENTS = Test/Test.entitlements;
				COMBINE_HIDPI_IMAGES = YES;
				INFOPLIST_FILE = Test/Info.plist;
				ENABLE_HARDENED_RUNTIME = YES;
				LD_RUNPATH_SEARCH_PATHS = "$(inherited) @executable_path/../Frameworks";
				PRODUCT_BUNDLE_IDENTIFIER = jd.boiv.in.Test;
				PRODUCT_NAME = "$(TARGET_NAME)";
			};
			name = Release;
		};
/* End XCBuildConfiguration section */

/* Begin XCConfigurationList section */
		2751439A2D4FEBEB007EF831 /* Build configuration list for PBXProject "Test" */ = {
			isa = XCConfigurationList;
			buildConfigurations = (
				275143B12D4FEBEB007EF831 /* Debug */,
				275143B22D4FEBEB007EF831 /* Release */,
			);
			defaultConfigurationIsVisible = 0;
			defaultConfigurationName = Release;
		};
		275143B32D4FEBEB007EF831 /* Build configuration list for PBXNativeTarget "Test" */ = {
			isa = XCConfigurationList;
			buildConfigurations = (
				275143B42D4FEBEB007EF831 /* Debug */,
				275143B52D4FEBEB007EF831 /* Release */,
			);
			defaultConfigurationIsVisible = 0;
			defaultConfigurationName = Release;
		};
/* End XCConfigurationList section */
	};
	rootObject = 275143972D4FEBEB007EF831 /* Project object */;
}
